
Microsoft Visual Studio Solution File, Format Version 12.00
# Visual Studio Version 16
VisualStudioVersion = 16.0.31613.86
MinimumVisualStudioVersion = 10.0.40219.1
Project("{FAE04EC0-301F-11D3-BF4B-00C04F79EFBC}") = "PrimeraExp", "PrimeraExp\PrimeraExp.csproj", "{DDBBB8FA-A622-4189-BAFD-FCD0A6BAFEEC}"
EndProject
Global
	GlobalSection(SolutionConfigurationPlatforms) = preSolution
		Debug|Any CPU = Debug|Any CPU
		Release|Any CPU = Release|Any CPU
	EndGlobalSection
	GlobalSection(ProjectConfigurationPlatforms) = postSolution
		{DDBBB8FA-A622-4189-BAFD-FCD0A6BAFEEC}.Debug|Any CPU.ActiveCfg = Debug|Any CPU
		{DDBBB8FA-A622-4189-BAFD-FCD0A6BAFEEC}.Debug|Any CPU.Build.0 = Debug|Any CPU
		{DDBBB8FA-A622-4189-BAFD-FCD0A6BAFEEC}.Release|Any CPU.ActiveCfg = Release|Any CPU
		{DDBBB8FA-A622-4189-BAFD-FCD0A6BAFEEC}.Release|Any CPU.Build.0 = Release|Any CPU
	EndGlobalSection
	GlobalSection(SolutionProperties) = preSolution
		HideSolutionNode = FALSE
	EndGlobalSection
	GlobalSection(ExtensibilityGlobals) = postSolution
		SolutionGuid = {E346B89B-59B3-498B-A931-9CAA25908DEF}
	EndGlobalSection
EndGlobal
